
Microsoft Visual Studio Solution File, Format Version 12.00
# Visual Studio Version 17
VisualStudioVersion = 17.6.33815.320
MinimumVisualStudioVersion = 10.0.40219.1
Project("{9A19103F-16F7-4668-BE54-9A1E7A4F7556}") = "AegisVault.Retrieve", "AegisVault.Retrieve.csproj", "{747CBDAC-B55E-4F31-BEC8-2BB70F3E6E55}"
EndProject
Global
	GlobalSection(SolutionConfigurationPlatforms) = preSolution
		Debug|Any CPU = Debug|Any CPU
		Release|Any CPU = Release|Any CPU
	EndGlobalSection
	GlobalSection(ProjectConfigurationPlatforms) = postSolution
		{747CBDAC-B55E-4F31-BEC8-2BB70F3E6E55}.Debug|Any CPU.ActiveCfg = Debug|Any CPU
		{747CBDAC-B55E-4F31-BEC8-2BB70F3E6E55}.Debug|Any CPU.Build.0 = Debug|Any CPU
		{747CBDAC-B55E-4F31-BEC8-2BB70F3E6E55}.Release|Any CPU.ActiveCfg = Release|Any CPU
		{747CBDAC-B55E-4F31-BEC8-2BB70F3E6E55}.Release|Any CPU.Build.0 = Release|Any CPU
	EndGlobalSection
	GlobalSection(SolutionProperties) = preSolution
		HideSolutionNode = FALSE
	EndGlobalSection
	GlobalSection(ExtensibilityGlobals) = postSolution
		SolutionGuid = {C8A868D4-BA26-4D1F-BA2D-634E666ED12F}
	EndGlobalSection
EndGlobal
